
Microsoft Visual Studio Solution File, Format Version 12.00
# Visual Studio 15
VisualStudioVersion = 15.0.27428.2037
MinimumVisualStudioVersion = 10.0.40219.1
Project("{9A19103F-16F7-4668-BE54-9A1E7A4F7556}") = "AzureEventViewer", "AzureEventViewer.csproj", "{A9361E1F-42BB-4853-BF96-2888CDEFFAFF}"
EndProject
Global
	GlobalSection(SolutionConfigurationPlatforms) = preSolution
		Debug|Any CPU = Debug|Any CPU
		Release|Any CPU = Release|Any CPU
	EndGlobalSection
	GlobalSection(ProjectConfigurationPlatforms) = postSolution
		{A9361E1F-42BB-4853-BF96-2888CDEFFAFF}.Debug|Any CPU.ActiveCfg = Debug|Any CPU
		{A9361E1F-42BB-4853-BF96-2888CDEFFAFF}.Debug|Any CPU.Build.0 = Debug|Any CPU
		{A9361E1F-42BB-4853-BF96-2888CDEFFAFF}.Release|Any CPU.ActiveCfg = Release|Any CPU
		{A9361E1F-42BB-4853-BF96-2888CDEFFAFF}.Release|Any CPU.Build.0 = Release|Any CPU
	EndGlobalSection
	GlobalSection(SolutionProperties) = preSolution
		HideSolutionNode = FALSE
	EndGlobalSection
	GlobalSection(ExtensibilityGlobals) = postSolution
		SolutionGuid = {3DE8DE6A-BA7F-479F-AD0A-CADF481E86EE}
	EndGlobalSection
EndGlobal
